{
  "name": "@jfs/pwa-kit",
  "version": "0.4.2",
  "lockfileVersion": 3,
  "requires": true,
  "packages": {
    "": {
      "name": "@jfs/pwa-kit",
      "version": "0.4.2",
      "license": "MIT",
      "dependencies": {
        "@jfs/vendor-cli": "github:jsvolos63/vendor-cli#9ddc50718ea3c3b7df4fce3ced1e3aff888b206b"
      },
      "bin": {
        "jfs-pwa-kit-vendor": "bin/vendor.mjs"
      },
      "engines": {
        "node": ">=18"
      }
    },
    "node_modules/@jfs/vendor-cli": {
      "version": "0.1.0",
      "resolved": "git+ssh://git@github.com/jsvolos63/vendor-cli.git#9ddc50718ea3c3b7df4fce3ced1e3aff888b206b",
      "integrity": "sha512-qvm4nUkiMZBDnIdft2HjcpxZrvBkPw+cd+TioWIjFngYe6ylILNat3V3lmmHVS23Iq6AuNVFQPSI184CAruTIA==",
      "license": "MIT",
      "engines": {
        "node": ">=18"
      }
    }
  }
}
