{
  "name": "@jfs/pwa-kit",
  "version": "0.6.2",
  "lockfileVersion": 3,
  "requires": true,
  "packages": {
    "": {
      "name": "@jfs/pwa-kit",
      "version": "0.6.2",
      "license": "MIT",
      "dependencies": {
        "@jfs/vendor-cli": "github:jsvolos63/vendor-cli#61ec3f6b17a29b870fb63101bce3e309e8e1d2df"
      },
      "bin": {
        "jfs-pwa-kit-vendor": "bin/vendor.mjs"
      },
      "engines": {
        "node": ">=18"
      }
    },
    "node_modules/@jfs/vendor-cli": {
      "version": "0.15.0",
      "resolved": "git+ssh://git@github.com/jsvolos63/vendor-cli.git#61ec3f6b17a29b870fb63101bce3e309e8e1d2df",
      "integrity": "sha512-iLPLPmSkQRZWl0DwSCbqJZAe7XQEGvnuo2Uv3i0EF0VWlJNv92R/XweGvKJ/d6uz5U8ak7mK3MHfkOC/V0Ptaw==",
      "license": "MIT",
      "bin": {
        "jfs-bump-kit-pins": "bin/bump-kit-pins.mjs",
        "jfs-check-kit-pins": "bin/check-kit-pins.mjs",
        "jfs-claude-md-sync": "bin/claude-md-sync.mjs",
        "jfs-sanitizer-policy-sync": "bin/sanitizer-policy-sync.mjs",
        "jfs-version-stamp": "bin/version-stamp.mjs"
      },
      "engines": {
        "node": ">=18"
      }
    }
  }
}
