{
  "name": "@jfs/pwa-kit",
  "version": "0.6.2",
  "lockfileVersion": 3,
  "requires": true,
  "packages": {
    "": {
      "name": "@jfs/pwa-kit",
      "version": "0.6.2",
      "license": "MIT",
      "dependencies": {
        "@jfs/vendor-cli": "github:jsvolos63/vendor-cli#933ab4010477c6e290305f2adca050bb90889a16"
      },
      "bin": {
        "jfs-pwa-kit-vendor": "bin/vendor.mjs"
      },
      "engines": {
        "node": ">=18"
      }
    },
    "node_modules/@jfs/vendor-cli": {
      "version": "0.8.0",
      "resolved": "git+ssh://git@github.com/jsvolos63/vendor-cli.git#933ab4010477c6e290305f2adca050bb90889a16",
      "integrity": "sha512-KqA5dNjuz68JzG0aI2sU54IEn9B+s9tK6SSLgyYudtXYj6AcLvOOMtryXet4QrYxsGEAnaJhdbIADEGBaNuWiw==",
      "license": "MIT",
      "bin": {
        "jfs-bump-kit-pins": "bin/bump-kit-pins.mjs",
        "jfs-check-kit-pins": "bin/check-kit-pins.mjs",
        "jfs-version-stamp": "bin/version-stamp.mjs"
      },
      "engines": {
        "node": ">=18"
      }
    }
  }
}
